
Microsoft Visual Studio Solution File, Format Version 12.00
# Visual Studio Version 17
VisualStudioVersion = 17.9.34723.18
MinimumVisualStudioVersion = 10.0.40219.1
Project("{FAE04EC0-301F-11D3-BF4B-00C04F79EFBC}") = "#hometask_Class", "#hometask_Class\#hometask_Class.csproj", "{689DDA80-1598-4034-A257-9BE3332C8568}"
EndProject
Global
	GlobalSection(SolutionConfigurationPlatforms) = preSolution
		Debug|Any CPU = Debug|Any CPU
		Release|Any CPU = Release|Any CPU
	EndGlobalSection
	GlobalSection(ProjectConfigurationPlatforms) = postSolution
		{689DDA80-1598-4034-A257-9BE3332C8568}.Debug|Any CPU.ActiveCfg = Debug|Any CPU
		{689DDA80-1598-4034-A257-9BE3332C8568}.Debug|Any CPU.Build.0 = Debug|Any CPU
		{689DDA80-1598-4034-A257-9BE3332C8568}.Release|Any CPU.ActiveCfg = Release|Any CPU
		{689DDA80-1598-4034-A257-9BE3332C8568}.Release|Any CPU.Build.0 = Release|Any CPU
	EndGlobalSection
	GlobalSection(SolutionProperties) = preSolution
		HideSolutionNode = FALSE
	EndGlobalSection
	GlobalSection(ExtensibilityGlobals) = postSolution
		SolutionGuid = {D833C44B-5AE4-4662-B61B-82D1883B52C0}
	EndGlobalSection
EndGlobal
